{
  "name": "dewdle",
  "version": "1.0.0",
  "lockfileVersion": 1,
  "dependencies": {
    "options": {
      "version": "https://registry.npmjs.org/options/-/options-0.0.6.tgz",
      "integrity": "sha1-7CLTEoBrtT5zF3Pnza788cZDEo8="
    },
    "ultron": {
      "version": "https://registry.npmjs.org/ultron/-/ultron-1.0.2.tgz",
      "integrity": "sha1-rOEWq1V80Zc4ak6I9GhTeMiy5Po="
    },
    "ws": {
      "version": "1.1.4",
      "resolved": "https://registry.npmjs.org/ws/-/ws-1.1.4.tgz",
      "integrity": "sha1-V/QNA2gy5fUFVmKjl8Tedu1mv2E="
    },
    "ws-heartbeats": {
      "version": "https://registry.npmjs.org/ws-heartbeats/-/ws-heartbeats-1.0.0.tgz",
      "integrity": "sha1-7HdwPdyx02bP9Dl0JbS5QVL86YQ="
    }
  }
}
